
Microsoft Visual Studio Solution File, Format Version 12.00
# Visual Studio 15
VisualStudioVersion = 15.0.27703.2026
MinimumVisualStudioVersion = 10.0.40219.1
Project("{888888A0-9F3D-457C-B088-3A5042F75D52}") = "DrunkBot", "DrunkBot.pyproj", "{C7762DE6-6B64-438E-A5F4-4C7C1D12107D}"
EndProject
Global
	GlobalSection(SolutionConfigurationPlatforms) = preSolution
		Debug|Any CPU = Debug|Any CPU
		Release|Any CPU = Release|Any CPU
	EndGlobalSection
	GlobalSection(ProjectConfigurationPlatforms) = postSolution
		{C7762DE6-6B64-438E-A5F4-4C7C1D12107D}.Debug|Any CPU.ActiveCfg = Debug|Any CPU
		{C7762DE6-6B64-438E-A5F4-4C7C1D12107D}.Release|Any CPU.ActiveCfg = Release|Any CPU
	EndGlobalSection
	GlobalSection(SolutionProperties) = preSolution
		HideSolutionNode = FALSE
	EndGlobalSection
	GlobalSection(ExtensibilityGlobals) = postSolution
		SolutionGuid = {4B4DDE00-D24E-458E-B822-9010A51E2C89}
	EndGlobalSection
EndGlobal
